
Microsoft Visual Studio Solution File, Format Version 12.00
# Visual Studio 15
VisualStudioVersion = 15.0.27130.2026
MinimumVisualStudioVersion = 10.0.40219.1
Project("{9A19103F-16F7-4668-BE54-9A1E7A4F7556}") = "MvcMovie", "MvcMovie\MvcMovie.csproj", "{09FED831-C61B-4910-B351-6090E3B2F4F2}"
EndProject
Project("{151D2E53-A2C4-4D7D-83FE-D05416EBD58E}") = "AzureResourceGroup1", "AzureResourceGroup1\AzureResourceGroup1.deployproj", "{4587254B-7C9F-43C5-8BF9-701401A5EF7F}"
EndProject
Global
	GlobalSection(SolutionConfigurationPlatforms) = preSolution
		Debug|Any CPU = Debug|Any CPU
		Release|Any CPU = Release|Any CPU
	EndGlobalSection
	GlobalSection(ProjectConfigurationPlatforms) = postSolution
		{09FED831-C61B-4910-B351-6090E3B2F4F2}.Debug|Any CPU.ActiveCfg = Debug|Any CPU
		{09FED831-C61B-4910-B351-6090E3B2F4F2}.Debug|Any CPU.Build.0 = Debug|Any CPU
		{09FED831-C61B-4910-B351-6090E3B2F4F2}.Release|Any CPU.ActiveCfg = Release|Any CPU
		{09FED831-C61B-4910-B351-6090E3B2F4F2}.Release|Any CPU.Build.0 = Release|Any CPU
		{4587254B-7C9F-43C5-8BF9-701401A5EF7F}.Debug|Any CPU.ActiveCfg = Debug|Any CPU
		{4587254B-7C9F-43C5-8BF9-701401A5EF7F}.Debug|Any CPU.Build.0 = Debug|Any CPU
		{4587254B-7C9F-43C5-8BF9-701401A5EF7F}.Release|Any CPU.ActiveCfg = Release|Any CPU
		{4587254B-7C9F-43C5-8BF9-701401A5EF7F}.Release|Any CPU.Build.0 = Release|Any CPU
	EndGlobalSection
	GlobalSection(SolutionProperties) = preSolution
		HideSolutionNode = FALSE
	EndGlobalSection
	GlobalSection(ExtensibilityGlobals) = postSolution
		SolutionGuid = {E218D819-2E88-4E1E-9150-49F2BC23DE66}
	EndGlobalSection
EndGlobal
